// !$*UTF8*$!
{
	archiveVersion = 1;
	classes = {
	};
	objectVersion = 46;
	objects = {

/* Begin PBXBuildFile section */
		7D3E4F2A1AE9053600F8B91D /* LaunchScreen.xib in Resources */ = {isa = PBXBuildFile; fileRef = 7D3E4F1B1AE9053600F8B91D /* LaunchScreen.xib */; };
		7D3E4F2B1AE9053600F8B91D /* Main.storyboard in Resources */ = {isa = PBXBuildFile; fileRef = 7D3E4F1D1AE9053600F8B91D /* Main.storyboard */; };
		7D3E4F2C1AE9053600F8B91D /* Images.xcassets in Resources */ = {isa = PBXBuildFile; fileRef = 7D3E4F1F1AE9053600F8B91D /* Images.xcassets */; };
		7D3E4F2E1AE9053600F8B91D /* main.m in Sources */ = {isa = PBXBuildFile; fileRef = 7D3E4F211AE9053600F8B91D /* main.m */; };
		7D3E4F2F1AE9053600F8B91D /* AppDelegate.m in Sources */ = {isa = PBXBuildFile; fileRef = 7D3E4F241AE9053600F8B91D /* AppDelegate.m */; };
		7D3E4F301AE9053600F8B91D /* HomeViewController.m in Sources */ = {isa = PBXBuildFile; fileRef = 7D3E4F261AE9053600F8B91D /* HomeViewController.m */; };
		7D3E4F351AE905A000F8B91D /* AVFoundation.framework in Frameworks */ = {isa = PBXBuildFile; fileRef = 7D3E4F341AE905A000F8B91D /* AVFoundation.framework */; };
		7D3E4F771AE91C6400F8B91D /* MobileCoreServices.framework in Frameworks */ = {isa = PBXBuildFile; fileRef = 7D3E4F761AE91C6300F8B91D /* MobileCoreServices.framework */; };
		7D9E79A71AE9438D0026F570 /* SystemConfiguration.framework in Frameworks */ = {isa = PBXBuildFile; fileRef = 7D9E79A61AE9438D0026F570 /* SystemConfiguration.framework */; };
		7D9E79AC1AEA43810026F570 /* MediaCell.m in Sources */ = {isa = PBXBuildFile; fileRef = 7D9E79AB1AEA43810026F570 /* MediaCell.m */; };
		7DFB05E51AEE824400AE6E9F /* ProgressView.m in Sources */ = {isa = PBXBuildFile; fileRef = 7DFB05E41AEE824400AE6E9F /* ProgressView.m */; };
		EF214F641AFCD52000E5A891 /* FYHEADRequest.m in Sources */ = {isa = PBXBuildFile; fileRef = EF214F631AFCD52000E5A891 /* FYHEADRequest.m */; };
		EF7579951AF25EF300D8FE90 /* FYCachedURLAsset.m in Sources */ = {isa = PBXBuildFile; fileRef = EF7579941AF25EF300D8FE90 /* FYCachedURLAsset.m */; };
		EF75799F1AF25F9A00D8FE90 /* FYContentProvider.m in Sources */ = {isa = PBXBuildFile; fileRef = EF75799E1AF25F9A00D8FE90 /* FYContentProvider.m */; };
		EF7579AA1AF2935300D8FE90 /* NSHTTPURLResponse+Headers.m in Sources */ = {isa = PBXBuildFile; fileRef = EF7579A91AF2935300D8FE90 /* NSHTTPURLResponse+Headers.m */; };
		EF7579AD1AF3766C00D8FE90 /* FYSerialContentLoader.m in Sources */ = {isa = PBXBuildFile; fileRef = EF7579AC1AF3766C00D8FE90 /* FYSerialContentLoader.m */; };
		EF7579B01AF37EAE00D8FE90 /* AVAssetResourceLoadingDataRequest+Info.m in Sources */ = {isa = PBXBuildFile; fileRef = EF7579AF1AF37EAE00D8FE90 /* AVAssetResourceLoadingDataRequest+Info.m */; };
		EF7579B61AF394E000D8FE90 /* FYRandomAccessContentLoader.m in Sources */ = {isa = PBXBuildFile; fileRef = EF7579B51AF394E000D8FE90 /* FYRandomAccessContentLoader.m */; };
/* End PBXBuildFile section */

/* Begin PBXFileReference section */
		7D3E4EF01AE9044300F8B91D /* FYCachedUrlAsset.app */ = {isa = PBXFileReference; explicitFileType = wrapper.application; includeInIndex = 0; path = FYCachedUrlAsset.app; sourceTree = BUILT_PRODUCTS_DIR; };
		7D3E4F1C1AE9053600F8B91D /* Base */ = {isa = PBXFileReference; lastKnownFileType = file.xib; name = Base; path = Base.lproj/LaunchScreen.xib; sourceTree = "<group>"; };
		7D3E4F1E1AE9053600F8B91D /* Base */ = {isa = PBXFileReference; lastKnownFileType = file.storyboard; name = Base; path = Base.lproj/Main.storyboard; sourceTree = "<group>"; };
		7D3E4F1F1AE9053600F8B91D /* Images.xcassets */ = {isa = PBXFileReference; lastKnownFileType = folder.assetcatalog; path = Images.xcassets; sourceTree = "<group>"; };
		7D3E4F201AE9053600F8B91D /* Info.plist */ = {isa = PBXFileReference; fileEncoding = 4; lastKnownFileType = text.plist.xml; path = Info.plist; sourceTree = "<group>"; };
		7D3E4F211AE9053600F8B91D /* main.m */ = {isa = PBXFileReference; fileEncoding = 4; lastKnownFileType = sourcecode.c.objc; path = main.m; sourceTree = "<group>"; };
		7D3E4F231AE9053600F8B91D /* AppDelegate.h */ = {isa = PBXFileReference; fileEncoding = 4; lastKnownFileType = sourcecode.c.h; path = AppDelegate.h; sourceTree = "<group>"; };
		7D3E4F241AE9053600F8B91D /* AppDelegate.m */ = {isa = PBXFileReference; fileEncoding = 4; lastKnownFileType = sourcecode.c.objc; path = AppDelegate.m; sourceTree = "<group>"; };
		7D3E4F251AE9053600F8B91D /* HomeViewController.h */ = {isa = PBXFileReference; fileEncoding = 4; lastKnownFileType = sourcecode.c.h; path = HomeViewController.h; sourceTree = "<group>"; };
		7D3E4F261AE9053600F8B91D /* HomeViewController.m */ = {isa = PBXFileReference; fileEncoding = 4; lastKnownFileType = sourcecode.c.objc; path = HomeViewController.m; sourceTree = "<group>"; };
		7D3E4F341AE905A000F8B91D /* AVFoundation.framework */ = {isa = PBXFileReference; lastKnownFileType = wrapper.framework; name = AVFoundation.framework; path = System/Library/Frameworks/AVFoundation.framework; sourceTree = SDKROOT; };
		7D3E4F761AE91C6300F8B91D /* MobileCoreServices.framework */ = {isa = PBXFileReference; lastKnownFileType = wrapper.framework; name = MobileCoreServices.framework; path = System/Library/Frameworks/MobileCoreServices.framework; sourceTree = SDKROOT; };
		7D9E79A61AE9438D0026F570 /* SystemConfiguration.framework */ = {isa = PBXFileReference; lastKnownFileType = wrapper.framework; name = SystemConfiguration.framework; path = System/Library/Frameworks/SystemConfiguration.framework; sourceTree = SDKROOT; };
		7D9E79AA1AEA43810026F570 /* MediaCell.h */ = {isa = PBXFileReference; fileEncoding = 4; lastKnownFileType = sourcecode.c.h; path = MediaCell.h; sourceTree = "<group>"; };
		7D9E79AB1AEA43810026F570 /* MediaCell.m */ = {isa = PBXFileReference; fileEncoding = 4; lastKnownFileType = sourcecode.c.objc; path = MediaCell.m; sourceTree = "<group>"; };
		7DFB05E31AEE824400AE6E9F /* ProgressView.h */ = {isa = PBXFileReference; fileEncoding = 4; lastKnownFileType = sourcecode.c.h; path = ProgressView.h; sourceTree = "<group>"; };
		7DFB05E41AEE824400AE6E9F /* ProgressView.m */ = {isa = PBXFileReference; fileEncoding = 4; lastKnownFileType = sourcecode.c.objc; path = ProgressView.m; sourceTree = "<group>"; };
		EF214F621AFCD52000E5A891 /* FYHEADRequest.h */ = {isa = PBXFileReference; fileEncoding = 4; lastKnownFileType = sourcecode.c.h; path = FYHEADRequest.h; sourceTree = "<group>"; };
		EF214F631AFCD52000E5A891 /* FYHEADRequest.m */ = {isa = PBXFileReference; fileEncoding = 4; lastKnownFileType = sourcecode.c.objc; path = FYHEADRequest.m; sourceTree = "<group>"; };
		EF7579931AF25EF300D8FE90 /* FYCachedURLAsset.h */ = {isa = PBXFileReference; fileEncoding = 4; lastKnownFileType = sourcecode.c.h; path = FYCachedURLAsset.h; sourceTree = "<group>"; };
		EF7579941AF25EF300D8FE90 /* FYCachedURLAsset.m */ = {isa = PBXFileReference; fileEncoding = 4; lastKnownFileType = sourcecode.c.objc; path = FYCachedURLAsset.m; sourceTree = "<group>"; };
		EF75799D1AF25F9A00D8FE90 /* FYContentProvider.h */ = {isa = PBXFileReference; fileEncoding = 4; lastKnownFileType = sourcecode.c.h; path = FYContentProvider.h; sourceTree = "<group>"; };
		EF75799E1AF25F9A00D8FE90 /* FYContentProvider.m */ = {isa = PBXFileReference; fileEncoding = 4; lastKnownFileType = sourcecode.c.objc; path = FYContentProvider.m; sourceTree = "<group>"; };
		EF7579A81AF2935300D8FE90 /* NSHTTPURLResponse+Headers.h */ = {isa = PBXFileReference; fileEncoding = 4; lastKnownFileType = sourcecode.c.h; path = "NSHTTPURLResponse+Headers.h"; sourceTree = "<group>"; };
		EF7579A91AF2935300D8FE90 /* NSHTTPURLResponse+Headers.m */ = {isa = PBXFileReference; fileEncoding = 4; lastKnownFileType = sourcecode.c.objc; path = "NSHTTPURLResponse+Headers.m"; sourceTree = "<group>"; };
		EF7579AB1AF3766C00D8FE90 /* FYSerialContentLoader.h */ = {isa = PBXFileReference; fileEncoding = 4; lastKnownFileType = sourcecode.c.h; path = FYSerialContentLoader.h; sourceTree = "<group>"; };
		EF7579AC1AF3766C00D8FE90 /* FYSerialContentLoader.m */ = {isa = PBXFileReference; fileEncoding = 4; lastKnownFileType = sourcecode.c.objc; path = FYSerialContentLoader.m; sourceTree = "<group>"; };
		EF7579AE1AF37EAE00D8FE90 /* AVAssetResourceLoadingDataRequest+Info.h */ = {isa = PBXFileReference; fileEncoding = 4; lastKnownFileType = sourcecode.c.h; path = "AVAssetResourceLoadingDataRequest+Info.h"; sourceTree = "<group>"; };
		EF7579AF1AF37EAE00D8FE90 /* AVAssetResourceLoadingDataRequest+Info.m */ = {isa = PBXFileReference; fileEncoding = 4; lastKnownFileType = sourcecode.c.objc; path = "AVAssetResourceLoadingDataRequest+Info.m"; sourceTree = "<group>"; };
		EF7579B11AF3821A00D8FE90 /* FYCachedURLAssetLog.h */ = {isa = PBXFileReference; fileEncoding = 4; lastKnownFileType = sourcecode.c.h; path = FYCachedURLAssetLog.h; sourceTree = "<group>"; };
		EF7579B41AF394E000D8FE90 /* FYRandomAccessContentLoader.h */ = {isa = PBXFileReference; fileEncoding = 4; lastKnownFileType = sourcecode.c.h; path = FYRandomAccessContentLoader.h; sourceTree = "<group>"; };
		EF7579B51AF394E000D8FE90 /* FYRandomAccessContentLoader.m */ = {isa = PBXFileReference; fileEncoding = 4; lastKnownFileType = sourcecode.c.objc; path = FYRandomAccessContentLoader.m; sourceTree = "<group>"; };
/* End PBXFileReference section */

/* Begin PBXFrameworksBuildPhase section */
		7D3E4EED1AE9044300F8B91D /* Frameworks */ = {
			isa = PBXFrameworksBuildPhase;
			buildActionMask = 2147483647;
			files = (
				7D9E79A71AE9438D0026F570 /* SystemConfiguration.framework in Frameworks */,
				7D3E4F771AE91C6400F8B91D /* MobileCoreServices.framework in Frameworks */,
				7D3E4F351AE905A000F8B91D /* AVFoundation.framework in Frameworks */,
			);
			runOnlyForDeploymentPostprocessing = 0;
		};
/* End PBXFrameworksBuildPhase section */

/* Begin PBXGroup section */
		7D3E4EE71AE9044300F8B91D = {
			isa = PBXGroup;
			children = (
				7D3E4F331AE9053B00F8B91D /* FYCachedURLAsset */,
				7D3E4F361AE905A700F8B91D /* Frameworks */,
				7D3E4EF11AE9044300F8B91D /* Products */,
			);
			sourceTree = "<group>";
		};
		7D3E4EF11AE9044300F8B91D /* Products */ = {
			isa = PBXGroup;
			children = (
				7D3E4EF01AE9044300F8B91D /* FYCachedUrlAsset.app */,
			);
			name = Products;
			sourceTree = "<group>";
		};
		7D3E4F1A1AE9053600F8B91D /* Resources */ = {
			isa = PBXGroup;
			children = (
				7D3E4F1B1AE9053600F8B91D /* LaunchScreen.xib */,
				7D3E4F1D1AE9053600F8B91D /* Main.storyboard */,
				7D3E4F1F1AE9053600F8B91D /* Images.xcassets */,
				7D3E4F201AE9053600F8B91D /* Info.plist */,
				7D3E4F211AE9053600F8B91D /* main.m */,
			);
			path = Resources;
			sourceTree = "<group>";
		};
		7D3E4F221AE9053600F8B91D /* Sources */ = {
			isa = PBXGroup;
			children = (
				7D9E79A81AEA436C0026F570 /* UI */,
				7D3E4F231AE9053600F8B91D /* AppDelegate.h */,
				7D3E4F241AE9053600F8B91D /* AppDelegate.m */,
			);
			path = Sources;
			sourceTree = "<group>";
		};
		7D3E4F331AE9053B00F8B91D /* FYCachedURLAsset */ = {
			isa = PBXGroup;
			children = (
				EF7579921AF25EF300D8FE90 /* FYCachedURLAsset */,
				7D3E4F221AE9053600F8B91D /* Sources */,
				7D3E4F1A1AE9053600F8B91D /* Resources */,
			);
			name = FYCachedURLAsset;
			sourceTree = "<group>";
		};
		7D3E4F361AE905A700F8B91D /* Frameworks */ = {
			isa = PBXGroup;
			children = (
				7D9E79A61AE9438D0026F570 /* SystemConfiguration.framework */,
				7D3E4F761AE91C6300F8B91D /* MobileCoreServices.framework */,
				7D3E4F341AE905A000F8B91D /* AVFoundation.framework */,
			);
			name = Frameworks;
			sourceTree = "<group>";
		};
		7D9E79A81AEA436C0026F570 /* UI */ = {
			isa = PBXGroup;
			children = (
				7DFB05E21AEE823800AE6E9F /* Views */,
				7D9E79A91AEA43730026F570 /* Cells */,
				7D3E4F251AE9053600F8B91D /* HomeViewController.h */,
				7D3E4F261AE9053600F8B91D /* HomeViewController.m */,
			);
			name = UI;
			sourceTree = "<group>";
		};
		7D9E79A91AEA43730026F570 /* Cells */ = {
			isa = PBXGroup;
			children = (
				7D9E79AA1AEA43810026F570 /* MediaCell.h */,
				7D9E79AB1AEA43810026F570 /* MediaCell.m */,
			);
			name = Cells;
			sourceTree = "<group>";
		};
		7DFB05E21AEE823800AE6E9F /* Views */ = {
			isa = PBXGroup;
			children = (
				7DFB05E31AEE824400AE6E9F /* ProgressView.h */,
				7DFB05E41AEE824400AE6E9F /* ProgressView.m */,
			);
			name = Views;
			sourceTree = "<group>";
		};
		EF7579921AF25EF300D8FE90 /* FYCachedURLAsset */ = {
			isa = PBXGroup;
			children = (
				EF7579B11AF3821A00D8FE90 /* FYCachedURLAssetLog.h */,
				EF7579A81AF2935300D8FE90 /* NSHTTPURLResponse+Headers.h */,
				EF7579A91AF2935300D8FE90 /* NSHTTPURLResponse+Headers.m */,
				EF7579AE1AF37EAE00D8FE90 /* AVAssetResourceLoadingDataRequest+Info.h */,
				EF7579AF1AF37EAE00D8FE90 /* AVAssetResourceLoadingDataRequest+Info.m */,
				EF214F621AFCD52000E5A891 /* FYHEADRequest.h */,
				EF214F631AFCD52000E5A891 /* FYHEADRequest.m */,
				EF7579AB1AF3766C00D8FE90 /* FYSerialContentLoader.h */,
				EF7579AC1AF3766C00D8FE90 /* FYSerialContentLoader.m */,
				EF7579B41AF394E000D8FE90 /* FYRandomAccessContentLoader.h */,
				EF7579B51AF394E000D8FE90 /* FYRandomAccessContentLoader.m */,
				EF75799D1AF25F9A00D8FE90 /* FYContentProvider.h */,
				EF75799E1AF25F9A00D8FE90 /* FYContentProvider.m */,
				EF7579931AF25EF300D8FE90 /* FYCachedURLAsset.h */,
				EF7579941AF25EF300D8FE90 /* FYCachedURLAsset.m */,
			);
			path = FYCachedURLAsset;
			sourceTree = "<group>";
		};
/* End PBXGroup section */

/* Begin PBXNativeTarget section */
		7D3E4EEF1AE9044300F8B91D /* FYCachedUrlAsset */ = {
			isa = PBXNativeTarget;
			buildConfigurationList = 7D3E4F131AE9044300F8B91D /* Build configuration list for PBXNativeTarget "FYCachedUrlAsset" */;
			buildPhases = (
				7D3E4EEC1AE9044300F8B91D /* Sources */,
				7D3E4EED1AE9044300F8B91D /* Frameworks */,
				7D3E4EEE1AE9044300F8B91D /* Resources */,
			);
			buildRules = (
			);
			dependencies = (
			);
			name = FYCachedUrlAsset;
			productName = FYCachedUrlAsset;
			productReference = 7D3E4EF01AE9044300F8B91D /* FYCachedUrlAsset.app */;
			productType = "com.apple.product-type.application";
		};
/* End PBXNativeTarget section */

/* Begin PBXProject section */
		7D3E4EE81AE9044300F8B91D /* Project object */ = {
			isa = PBXProject;
			attributes = {
				LastUpgradeCheck = 0620;
				ORGANIZATIONNAME = FactorialComplexity;
				TargetAttributes = {
					7D3E4EEF1AE9044300F8B91D = {
						CreatedOnToolsVersion = 6.2;
					};
				};
			};
			buildConfigurationList = 7D3E4EEB1AE9044300F8B91D /* Build configuration list for PBXProject "FYCachedURLAssetTest" */;
			compatibilityVersion = "Xcode 3.2";
			developmentRegion = English;
			hasScannedForEncodings = 0;
			knownRegions = (
				en,
				Base,
			);
			mainGroup = 7D3E4EE71AE9044300F8B91D;
			productRefGroup = 7D3E4EF11AE9044300F8B91D /* Products */;
			projectDirPath = "";
			projectRoot = "";
			targets = (
				7D3E4EEF1AE9044300F8B91D /* FYCachedUrlAsset */,
			);
		};
/* End PBXProject section */

/* Begin PBXResourcesBuildPhase section */
		7D3E4EEE1AE9044300F8B91D /* Resources */ = {
			isa = PBXResourcesBuildPhase;
			buildActionMask = 2147483647;
			files = (
				7D3E4F2C1AE9053600F8B91D /* Images.xcassets in Resources */,
				7D3E4F2A1AE9053600F8B91D /* LaunchScreen.xib in Resources */,
				7D3E4F2B1AE9053600F8B91D /* Main.storyboard in Resources */,
			);
			runOnlyForDeploymentPostprocessing = 0;
		};
/* End PBXResourcesBuildPhase section */

/* Begin PBXSourcesBuildPhase section */
		7D3E4EEC1AE9044300F8B91D /* Sources */ = {
			isa = PBXSourcesBuildPhase;
			buildActionMask = 2147483647;
			files = (
				EF214F641AFCD52000E5A891 /* FYHEADRequest.m in Sources */,
				EF7579B61AF394E000D8FE90 /* FYRandomAccessContentLoader.m in Sources */,
				7DFB05E51AEE824400AE6E9F /* ProgressView.m in Sources */,
				7D3E4F301AE9053600F8B91D /* HomeViewController.m in Sources */,
				7D3E4F2F1AE9053600F8B91D /* AppDelegate.m in Sources */,
				EF7579AA1AF2935300D8FE90 /* NSHTTPURLResponse+Headers.m in Sources */,
				EF7579B01AF37EAE00D8FE90 /* AVAssetResourceLoadingDataRequest+Info.m in Sources */,
				EF7579AD1AF3766C00D8FE90 /* FYSerialContentLoader.m in Sources */,
				EF75799F1AF25F9A00D8FE90 /* FYContentProvider.m in Sources */,
				EF7579951AF25EF300D8FE90 /* FYCachedURLAsset.m in Sources */,
				7D9E79AC1AEA43810026F570 /* MediaCell.m in Sources */,
				7D3E4F2E1AE9053600F8B91D /* main.m in Sources */,
			);
			runOnlyForDeploymentPostprocessing = 0;
		};
/* End PBXSourcesBuildPhase section */

/* Begin PBXVariantGroup section */
		7D3E4F1B1AE9053600F8B91D /* LaunchScreen.xib */ = {
			isa = PBXVariantGroup;
			children = (
				7D3E4F1C1AE9053600F8B91D /* Base */,
			);
			name = LaunchScreen.xib;
			sourceTree = "<group>";
		};
		7D3E4F1D1AE9053600F8B91D /* Main.storyboard */ = {
			isa = PBXVariantGroup;
			children = (
				7D3E4F1E1AE9053600F8B91D /* Base */,
			);
			name = Main.storyboard;
			sourceTree = "<group>";
		};
/* End PBXVariantGroup section */

/* Begin XCBuildConfiguration section */
		7D3E4F111AE9044300F8B91D /* Debug */ = {
			isa = XCBuildConfiguration;
			buildSettings = {
				ALWAYS_SEARCH_USER_PATHS = NO;
				CLANG_CXX_LANGUAGE_STANDARD = "gnu++0x";
				CLANG_CXX_LIBRARY = "libc++";
				CLANG_ENABLE_MODULES = YES;
				CLANG_ENABLE_OBJC_ARC = YES;
				CLANG_WARN_BOOL_CONVERSION = YES;
				CLANG_WARN_CONSTANT_CONVERSION = YES;
				CLANG_WARN_DIRECT_OBJC_ISA_USAGE = YES_ERROR;
				CLANG_WARN_EMPTY_BODY = YES;
				CLANG_WARN_ENUM_CONVERSION = YES;
				CLANG_WARN_INT_CONVERSION = YES;
				CLANG_WARN_OBJC_ROOT_CLASS = YES_ERROR;
				CLANG_WARN_UNREACHABLE_CODE = YES;
				CLANG_WARN__DUPLICATE_METHOD_MATCH = YES;
				"CODE_SIGN_IDENTITY[sdk=iphoneos*]" = "iPhone Developer";
				COPY_PHASE_STRIP = NO;
				ENABLE_STRICT_OBJC_MSGSEND = YES;
				GCC_C_LANGUAGE_STANDARD = gnu99;
				GCC_DYNAMIC_NO_PIC = NO;
				GCC_OPTIMIZATION_LEVEL = 0;
				GCC_PREPROCESSOR_DEFINITIONS = (
					"DEBUG=1",
					"$(inherited)",
				);
				GCC_SYMBOLS_PRIVATE_EXTERN = NO;
				GCC_WARN_64_TO_32_BIT_CONVERSION = YES;
				GCC_WARN_ABOUT_RETURN_TYPE = YES_ERROR;
				GCC_WARN_UNDECLARED_SELECTOR = YES;
				GCC_WARN_UNINITIALIZED_AUTOS = YES_AGGRESSIVE;
				GCC_WARN_UNUSED_FUNCTION = YES;
				GCC_WARN_UNUSED_VARIABLE = YES;
				IPHONEOS_DEPLOYMENT_TARGET = 8.2;
				MTL_ENABLE_DEBUG_INFO = YES;
				ONLY_ACTIVE_ARCH = YES;
				SDKROOT = iphoneos;
			};
			name = Debug;
		};
		7D3E4F121AE9044300F8B91D /* Release */ = {
			isa = XCBuildConfiguration;
			buildSettings = {
				ALWAYS_SEARCH_USER_PATHS = NO;
				CLANG_CXX_LANGUAGE_STANDARD = "gnu++0x";
				CLANG_CXX_LIBRARY = "libc++";
				CLANG_ENABLE_MODULES = YES;
				CLANG_ENABLE_OBJC_ARC = YES;
				CLANG_WARN_BOOL_CONVERSION = YES;
				CLANG_WARN_CONSTANT_CONVERSION = YES;
				CLANG_WARN_DIRECT_OBJC_ISA_USAGE = YES_ERROR;
				CLANG_WARN_EMPTY_BODY = YES;
				CLANG_WARN_ENUM_CONVERSION = YES;
				CLANG_WARN_INT_CONVERSION = YES;
				CLANG_WARN_OBJC_ROOT_CLASS = YES_ERROR;
				CLANG_WARN_UNREACHABLE_CODE = YES;
				CLANG_WARN__DUPLICATE_METHOD_MATCH = YES;
				"CODE_SIGN_IDENTITY[sdk=iphoneos*]" = "iPhone Developer";
				COPY_PHASE_STRIP = NO;
				ENABLE_NS_ASSERTIONS = NO;
				ENABLE_STRICT_OBJC_MSGSEND = YES;
				GCC_C_LANGUAGE_STANDARD = gnu99;
				GCC_WARN_64_TO_32_BIT_CONVERSION = YES;
				GCC_WARN_ABOUT_RETURN_TYPE = YES_ERROR;
				GCC_WARN_UNDECLARED_SELECTOR = YES;
				GCC_WARN_UNINITIALIZED_AUTOS = YES_AGGRESSIVE;
				GCC_WARN_UNUSED_FUNCTION = YES;
				GCC_WARN_UNUSED_VARIABLE = YES;
				IPHONEOS_DEPLOYMENT_TARGET = 8.2;
				MTL_ENABLE_DEBUG_INFO = NO;
				SDKROOT = iphoneos;
				VALIDATE_PRODUCT = YES;
			};
			name = Release;
		};
		7D3E4F141AE9044300F8B91D /* Debug */ = {
			isa = XCBuildConfiguration;
			buildSettings = {
				ASSETCATALOG_COMPILER_APPICON_NAME = AppIcon;
				ASSETCATALOG_COMPILER_LAUNCHIMAGE_NAME = LaunchImage;
				FRAMEWORK_SEARCH_PATHS = (
					"$(inherited)",
					"$(DEVELOPER_FRAMEWORKS_DIR)",
				);
				GCC_PREPROCESSOR_DEFINITIONS = (
					"$(inherited)",
					"CACHED_URL_ASSET_DEBUG_LOG=1",
					"CACHED_URL_ASSET_VERBOSE_LOG=1",
				);
				INFOPLIST_FILE = "$(SRCROOT)/Resources/Info.plist";
				IPHONEOS_DEPLOYMENT_TARGET = 7.0;
				LD_RUNPATH_SEARCH_PATHS = "$(inherited) @executable_path/Frameworks";
				PRODUCT_NAME = "$(TARGET_NAME)";
			};
			name = Debug;
		};
		7D3E4F151AE9044300F8B91D /* Release */ = {
			isa = XCBuildConfiguration;
			buildSettings = {
				ASSETCATALOG_COMPILER_APPICON_NAME = AppIcon;
				ASSETCATALOG_COMPILER_LAUNCHIMAGE_NAME = LaunchImage;
				FRAMEWORK_SEARCH_PATHS = (
					"$(inherited)",
					"$(DEVELOPER_FRAMEWORKS_DIR)",
				);
				GCC_PREPROCESSOR_DEFINITIONS = (
					"CACHED_URL_ASSET_DEBUG_LOG=1",
					"CACHED_URL_ASSET_VERBOSE_LOG=0",
				);
				INFOPLIST_FILE = "$(SRCROOT)/Resources/Info.plist";
				IPHONEOS_DEPLOYMENT_TARGET = 7.0;
				LD_RUNPATH_SEARCH_PATHS = "$(inherited) @executable_path/Frameworks";
				PRODUCT_NAME = "$(TARGET_NAME)";
			};
			name = Release;
		};
/* End XCBuildConfiguration section */

/* Begin XCConfigurationList section */
		7D3E4EEB1AE9044300F8B91D /* Build configuration list for PBXProject "FYCachedURLAssetTest" */ = {
			isa = XCConfigurationList;
			buildConfigurations = (
				7D3E4F111AE9044300F8B91D /* Debug */,
				7D3E4F121AE9044300F8B91D /* Release */,
			);
			defaultConfigurationIsVisible = 0;
			defaultConfigurationName = Release;
		};
		7D3E4F131AE9044300F8B91D /* Build configuration list for PBXNativeTarget "FYCachedUrlAsset" */ = {
			isa = XCConfigurationList;
			buildConfigurations = (
				7D3E4F141AE9044300F8B91D /* Debug */,
				7D3E4F151AE9044300F8B91D /* Release */,
			);
			defaultConfigurationIsVisible = 0;
			defaultConfigurationName = Release;
		};
/* End XCConfigurationList section */
	};
	rootObject = 7D3E4EE81AE9044300F8B91D /* Project object */;
}
