// !$*UTF8*$!
{
	archiveVersion = 1;
	classes = {
	};
	objectVersion = 46;
	objects = {

/* Begin PBXBuildFile section */
		7D3E4F2A1AE9053600F8B91D /* LaunchScreen.xib in Resources */ = {isa = PBXBuildFile; fileRef = 7D3E4F1B1AE9053600F8B91D /* LaunchScreen.xib */; };
		7D3E4F2B1AE9053600F8B91D /* Main.storyboard in Resources */ = {isa = PBXBuildFile; fileRef = 7D3E4F1D1AE9053600F8B91D /* Main.storyboard */; };
		7D3E4F2C1AE9053600F8B91D /* Images.xcassets in Resources */ = {isa = PBXBuildFile; fileRef = 7D3E4F1F1AE9053600F8B91D /* Images.xcassets */; };
		7D3E4F2E1AE9053600F8B91D /* main.m in Sources */ = {isa = PBXBuildFile; fileRef = 7D3E4F211AE9053600F8B91D /* main.m */; };
		7D3E4F2F1AE9053600F8B91D /* AppDelegate.m in Sources */ = {isa = PBXBuildFile; fileRef = 7D3E4F241AE9053600F8B91D /* AppDelegate.m */; };
		7D3E4F301AE9053600F8B91D /* HomeViewController.m in Sources */ = {isa = PBXBuildFile; fileRef = 7D3E4F261AE9053600F8B91D /* HomeViewController.m */; };
		7D3E4F351AE905A000F8B91D /* AVFoundation.framework in Frameworks */ = {isa = PBXBuildFile; fileRef = 7D3E4F341AE905A000F8B91D /* AVFoundation.framework */; };
		7D3E4F3A1AE906A400F8B91D /* FYCachedURLAsset.m in Sources */ = {isa = PBXBuildFile; fileRef = 7D3E4F391AE906A400F8B91D /* FYCachedURLAsset.m */; };
/* End PBXBuildFile section */

/* Begin PBXContainerItemProxy section */
		7D3E4F0A1AE9044300F8B91D /* PBXContainerItemProxy */ = {
			isa = PBXContainerItemProxy;
			containerPortal = 7D3E4EE81AE9044300F8B91D /* Project object */;
			proxyType = 1;
			remoteGlobalIDString = 7D3E4EEF1AE9044300F8B91D;
			remoteInfo = FYCachedUrlAsset;
		};
/* End PBXContainerItemProxy section */

/* Begin PBXFileReference section */
		7D3E4EF01AE9044300F8B91D /* FYCachedUrlAsset.app */ = {isa = PBXFileReference; explicitFileType = wrapper.application; includeInIndex = 0; path = FYCachedUrlAsset.app; sourceTree = BUILT_PRODUCTS_DIR; };
		7D3E4F091AE9044300F8B91D /* FYCachedUrlAssetTests.xctest */ = {isa = PBXFileReference; explicitFileType = wrapper.cfbundle; includeInIndex = 0; path = FYCachedUrlAssetTests.xctest; sourceTree = BUILT_PRODUCTS_DIR; };
		7D3E4F1C1AE9053600F8B91D /* Base */ = {isa = PBXFileReference; lastKnownFileType = file.xib; name = Base; path = Base.lproj/LaunchScreen.xib; sourceTree = "<group>"; };
		7D3E4F1E1AE9053600F8B91D /* Base */ = {isa = PBXFileReference; lastKnownFileType = file.storyboard; name = Base; path = Base.lproj/Main.storyboard; sourceTree = "<group>"; };
		7D3E4F1F1AE9053600F8B91D /* Images.xcassets */ = {isa = PBXFileReference; lastKnownFileType = folder.assetcatalog; path = Images.xcassets; sourceTree = "<group>"; };
		7D3E4F201AE9053600F8B91D /* Info.plist */ = {isa = PBXFileReference; fileEncoding = 4; lastKnownFileType = text.plist.xml; path = Info.plist; sourceTree = "<group>"; };
		7D3E4F211AE9053600F8B91D /* main.m */ = {isa = PBXFileReference; fileEncoding = 4; lastKnownFileType = sourcecode.c.objc; path = main.m; sourceTree = "<group>"; };
		7D3E4F231AE9053600F8B91D /* AppDelegate.h */ = {isa = PBXFileReference; fileEncoding = 4; lastKnownFileType = sourcecode.c.h; path = AppDelegate.h; sourceTree = "<group>"; };
		7D3E4F241AE9053600F8B91D /* AppDelegate.m */ = {isa = PBXFileReference; fileEncoding = 4; lastKnownFileType = sourcecode.c.objc; path = AppDelegate.m; sourceTree = "<group>"; };
		7D3E4F251AE9053600F8B91D /* HomeViewController.h */ = {isa = PBXFileReference; fileEncoding = 4; lastKnownFileType = sourcecode.c.h; path = HomeViewController.h; sourceTree = "<group>"; };
		7D3E4F261AE9053600F8B91D /* HomeViewController.m */ = {isa = PBXFileReference; fileEncoding = 4; lastKnownFileType = sourcecode.c.objc; path = HomeViewController.m; sourceTree = "<group>"; };
		7D3E4F291AE9053600F8B91D /* Info.plist */ = {isa = PBXFileReference; fileEncoding = 4; lastKnownFileType = text.plist.xml; path = Info.plist; sourceTree = "<group>"; };
		7D3E4F341AE905A000F8B91D /* AVFoundation.framework */ = {isa = PBXFileReference; lastKnownFileType = wrapper.framework; name = AVFoundation.framework; path = System/Library/Frameworks/AVFoundation.framework; sourceTree = SDKROOT; };
		7D3E4F381AE906A400F8B91D /* FYCachedURLAsset.h */ = {isa = PBXFileReference; fileEncoding = 4; lastKnownFileType = sourcecode.c.h; name = FYCachedURLAsset.h; path = Sources/FYCachedURLAsset.h; sourceTree = "<group>"; };
		7D3E4F391AE906A400F8B91D /* FYCachedURLAsset.m */ = {isa = PBXFileReference; fileEncoding = 4; lastKnownFileType = sourcecode.c.objc; name = FYCachedURLAsset.m; path = Sources/FYCachedURLAsset.m; sourceTree = "<group>"; };
/* End PBXFileReference section */

/* Begin PBXFrameworksBuildPhase section */
		7D3E4EED1AE9044300F8B91D /* Frameworks */ = {
			isa = PBXFrameworksBuildPhase;
			buildActionMask = 2147483647;
			files = (
				7D3E4F351AE905A000F8B91D /* AVFoundation.framework in Frameworks */,
			);
			runOnlyForDeploymentPostprocessing = 0;
		};
		7D3E4F061AE9044300F8B91D /* Frameworks */ = {
			isa = PBXFrameworksBuildPhase;
			buildActionMask = 2147483647;
			files = (
			);
			runOnlyForDeploymentPostprocessing = 0;
		};
/* End PBXFrameworksBuildPhase section */

/* Begin PBXGroup section */
		7D3E4EE71AE9044300F8B91D = {
			isa = PBXGroup;
			children = (
				7D3E4F331AE9053B00F8B91D /* FYCachedURLAsset */,
				7D3E4F271AE9053600F8B91D /* Tests */,
				7D3E4F361AE905A700F8B91D /* Frameworks */,
				7D3E4EF11AE9044300F8B91D /* Products */,
			);
			sourceTree = "<group>";
		};
		7D3E4EF11AE9044300F8B91D /* Products */ = {
			isa = PBXGroup;
			children = (
				7D3E4EF01AE9044300F8B91D /* FYCachedUrlAsset.app */,
				7D3E4F091AE9044300F8B91D /* FYCachedUrlAssetTests.xctest */,
			);
			name = Products;
			sourceTree = "<group>";
		};
		7D3E4F1A1AE9053600F8B91D /* Resources */ = {
			isa = PBXGroup;
			children = (
				7D3E4F1B1AE9053600F8B91D /* LaunchScreen.xib */,
				7D3E4F1D1AE9053600F8B91D /* Main.storyboard */,
				7D3E4F1F1AE9053600F8B91D /* Images.xcassets */,
				7D3E4F201AE9053600F8B91D /* Info.plist */,
				7D3E4F211AE9053600F8B91D /* main.m */,
			);
			path = Resources;
			sourceTree = "<group>";
		};
		7D3E4F221AE9053600F8B91D /* Sources */ = {
			isa = PBXGroup;
			children = (
				7D3E4F231AE9053600F8B91D /* AppDelegate.h */,
				7D3E4F241AE9053600F8B91D /* AppDelegate.m */,
				7D3E4F251AE9053600F8B91D /* HomeViewController.h */,
				7D3E4F261AE9053600F8B91D /* HomeViewController.m */,
			);
			path = Sources;
			sourceTree = "<group>";
		};
		7D3E4F271AE9053600F8B91D /* Tests */ = {
			isa = PBXGroup;
			children = (
				7D3E4F291AE9053600F8B91D /* Info.plist */,
			);
			path = Tests;
			sourceTree = "<group>";
		};
		7D3E4F331AE9053B00F8B91D /* FYCachedURLAsset */ = {
			isa = PBXGroup;
			children = (
				7D3E4F371AE9063700F8B91D /* Model */,
				7D3E4F221AE9053600F8B91D /* Sources */,
				7D3E4F1A1AE9053600F8B91D /* Resources */,
			);
			name = FYCachedURLAsset;
			sourceTree = "<group>";
		};
		7D3E4F361AE905A700F8B91D /* Frameworks */ = {
			isa = PBXGroup;
			children = (
				7D3E4F341AE905A000F8B91D /* AVFoundation.framework */,
			);
			name = Frameworks;
			sourceTree = "<group>";
		};
		7D3E4F371AE9063700F8B91D /* Model */ = {
			isa = PBXGroup;
			children = (
				7D3E4F381AE906A400F8B91D /* FYCachedURLAsset.h */,
				7D3E4F391AE906A400F8B91D /* FYCachedURLAsset.m */,
			);
			name = Model;
			sourceTree = "<group>";
		};
/* End PBXGroup section */

/* Begin PBXNativeTarget section */
		7D3E4EEF1AE9044300F8B91D /* FYCachedUrlAsset */ = {
			isa = PBXNativeTarget;
			buildConfigurationList = 7D3E4F131AE9044300F8B91D /* Build configuration list for PBXNativeTarget "FYCachedUrlAsset" */;
			buildPhases = (
				7D3E4EEC1AE9044300F8B91D /* Sources */,
				7D3E4EED1AE9044300F8B91D /* Frameworks */,
				7D3E4EEE1AE9044300F8B91D /* Resources */,
			);
			buildRules = (
			);
			dependencies = (
			);
			name = FYCachedUrlAsset;
			productName = FYCachedUrlAsset;
			productReference = 7D3E4EF01AE9044300F8B91D /* FYCachedUrlAsset.app */;
			productType = "com.apple.product-type.application";
		};
		7D3E4F081AE9044300F8B91D /* FYCachedUrlAssetTests */ = {
			isa = PBXNativeTarget;
			buildConfigurationList = 7D3E4F161AE9044300F8B91D /* Build configuration list for PBXNativeTarget "FYCachedUrlAssetTests" */;
			buildPhases = (
				7D3E4F051AE9044300F8B91D /* Sources */,
				7D3E4F061AE9044300F8B91D /* Frameworks */,
				7D3E4F071AE9044300F8B91D /* Resources */,
			);
			buildRules = (
			);
			dependencies = (
				7D3E4F0B1AE9044300F8B91D /* PBXTargetDependency */,
			);
			name = FYCachedUrlAssetTests;
			productName = FYCachedUrlAssetTests;
			productReference = 7D3E4F091AE9044300F8B91D /* FYCachedUrlAssetTests.xctest */;
			productType = "com.apple.product-type.bundle.unit-test";
		};
/* End PBXNativeTarget section */

/* Begin PBXProject section */
		7D3E4EE81AE9044300F8B91D /* Project object */ = {
			isa = PBXProject;
			attributes = {
				LastUpgradeCheck = 0620;
				ORGANIZATIONNAME = FactorialComplexity;
				TargetAttributes = {
					7D3E4EEF1AE9044300F8B91D = {
						CreatedOnToolsVersion = 6.2;
					};
					7D3E4F081AE9044300F8B91D = {
						CreatedOnToolsVersion = 6.2;
						TestTargetID = 7D3E4EEF1AE9044300F8B91D;
					};
				};
			};
			buildConfigurationList = 7D3E4EEB1AE9044300F8B91D /* Build configuration list for PBXProject "FYCachedUrlAsset" */;
			compatibilityVersion = "Xcode 3.2";
			developmentRegion = English;
			hasScannedForEncodings = 0;
			knownRegions = (
				en,
				Base,
			);
			mainGroup = 7D3E4EE71AE9044300F8B91D;
			productRefGroup = 7D3E4EF11AE9044300F8B91D /* Products */;
			projectDirPath = "";
			projectRoot = "";
			targets = (
				7D3E4EEF1AE9044300F8B91D /* FYCachedUrlAsset */,
				7D3E4F081AE9044300F8B91D /* FYCachedUrlAssetTests */,
			);
		};
/* End PBXProject section */

/* Begin PBXResourcesBuildPhase section */
		7D3E4EEE1AE9044300F8B91D /* Resources */ = {
			isa = PBXResourcesBuildPhase;
			buildActionMask = 2147483647;
			files = (
				7D3E4F2C1AE9053600F8B91D /* Images.xcassets in Resources */,
				7D3E4F2A1AE9053600F8B91D /* LaunchScreen.xib in Resources */,
				7D3E4F2B1AE9053600F8B91D /* Main.storyboard in Resources */,
			);
			runOnlyForDeploymentPostprocessing = 0;
		};
		7D3E4F071AE9044300F8B91D /* Resources */ = {
			isa = PBXResourcesBuildPhase;
			buildActionMask = 2147483647;
			files = (
			);
			runOnlyForDeploymentPostprocessing = 0;
		};
/* End PBXResourcesBuildPhase section */

/* Begin PBXSourcesBuildPhase section */
		7D3E4EEC1AE9044300F8B91D /* Sources */ = {
			isa = PBXSourcesBuildPhase;
			buildActionMask = 2147483647;
			files = (
				7D3E4F3A1AE906A400F8B91D /* FYCachedURLAsset.m in Sources */,
				7D3E4F301AE9053600F8B91D /* HomeViewController.m in Sources */,
				7D3E4F2F1AE9053600F8B91D /* AppDelegate.m in Sources */,
				7D3E4F2E1AE9053600F8B91D /* main.m in Sources */,
			);
			runOnlyForDeploymentPostprocessing = 0;
		};
		7D3E4F051AE9044300F8B91D /* Sources */ = {
			isa = PBXSourcesBuildPhase;
			buildActionMask = 2147483647;
			files = (
			);
			runOnlyForDeploymentPostprocessing = 0;
		};
/* End PBXSourcesBuildPhase section */

/* Begin PBXTargetDependency section */
		7D3E4F0B1AE9044300F8B91D /* PBXTargetDependency */ = {
			isa = PBXTargetDependency;
			target = 7D3E4EEF1AE9044300F8B91D /* FYCachedUrlAsset */;
			targetProxy = 7D3E4F0A1AE9044300F8B91D /* PBXContainerItemProxy */;
		};
/* End PBXTargetDependency section */

/* Begin PBXVariantGroup section */
		7D3E4F1B1AE9053600F8B91D /* LaunchScreen.xib */ = {
			isa = PBXVariantGroup;
			children = (
				7D3E4F1C1AE9053600F8B91D /* Base */,
			);
			name = LaunchScreen.xib;
			sourceTree = "<group>";
		};
		7D3E4F1D1AE9053600F8B91D /* Main.storyboard */ = {
			isa = PBXVariantGroup;
			children = (
				7D3E4F1E1AE9053600F8B91D /* Base */,
			);
			name = Main.storyboard;
			sourceTree = "<group>";
		};
/* End PBXVariantGroup section */

/* Begin XCBuildConfiguration section */
		7D3E4F111AE9044300F8B91D /* Debug */ = {
			isa = XCBuildConfiguration;
			buildSettings = {
				ALWAYS_SEARCH_USER_PATHS = NO;
				CLANG_CXX_LANGUAGE_STANDARD = "gnu++0x";
				CLANG_CXX_LIBRARY = "libc++";
				CLANG_ENABLE_MODULES = YES;
				CLANG_ENABLE_OBJC_ARC = YES;
				CLANG_WARN_BOOL_CONVERSION = YES;
				CLANG_WARN_CONSTANT_CONVERSION = YES;
				CLANG_WARN_DIRECT_OBJC_ISA_USAGE = YES_ERROR;
				CLANG_WARN_EMPTY_BODY = YES;
				CLANG_WARN_ENUM_CONVERSION = YES;
				CLANG_WARN_INT_CONVERSION = YES;
				CLANG_WARN_OBJC_ROOT_CLASS = YES_ERROR;
				CLANG_WARN_UNREACHABLE_CODE = YES;
				CLANG_WARN__DUPLICATE_METHOD_MATCH = YES;
				"CODE_SIGN_IDENTITY[sdk=iphoneos*]" = "iPhone Developer";
				COPY_PHASE_STRIP = NO;
				ENABLE_STRICT_OBJC_MSGSEND = YES;
				GCC_C_LANGUAGE_STANDARD = gnu99;
				GCC_DYNAMIC_NO_PIC = NO;
				GCC_OPTIMIZATION_LEVEL = 0;
				GCC_PREPROCESSOR_DEFINITIONS = (
					"DEBUG=1",
					"$(inherited)",
				);
				GCC_SYMBOLS_PRIVATE_EXTERN = NO;
				GCC_WARN_64_TO_32_BIT_CONVERSION = YES;
				GCC_WARN_ABOUT_RETURN_TYPE = YES_ERROR;
				GCC_WARN_UNDECLARED_SELECTOR = YES;
				GCC_WARN_UNINITIALIZED_AUTOS = YES_AGGRESSIVE;
				GCC_WARN_UNUSED_FUNCTION = YES;
				GCC_WARN_UNUSED_VARIABLE = YES;
				IPHONEOS_DEPLOYMENT_TARGET = 8.2;
				MTL_ENABLE_DEBUG_INFO = YES;
				ONLY_ACTIVE_ARCH = YES;
				SDKROOT = iphoneos;
			};
			name = Debug;
		};
		7D3E4F121AE9044300F8B91D /* Release */ = {
			isa = XCBuildConfiguration;
			buildSettings = {
				ALWAYS_SEARCH_USER_PATHS = NO;
				CLANG_CXX_LANGUAGE_STANDARD = "gnu++0x";
				CLANG_CXX_LIBRARY = "libc++";
				CLANG_ENABLE_MODULES = YES;
				CLANG_ENABLE_OBJC_ARC = YES;
				CLANG_WARN_BOOL_CONVERSION = YES;
				CLANG_WARN_CONSTANT_CONVERSION = YES;
				CLANG_WARN_DIRECT_OBJC_ISA_USAGE = YES_ERROR;
				CLANG_WARN_EMPTY_BODY = YES;
				CLANG_WARN_ENUM_CONVERSION = YES;
				CLANG_WARN_INT_CONVERSION = YES;
				CLANG_WARN_OBJC_ROOT_CLASS = YES_ERROR;
				CLANG_WARN_UNREACHABLE_CODE = YES;
				CLANG_WARN__DUPLICATE_METHOD_MATCH = YES;
				"CODE_SIGN_IDENTITY[sdk=iphoneos*]" = "iPhone Developer";
				COPY_PHASE_STRIP = NO;
				ENABLE_NS_ASSERTIONS = NO;
				ENABLE_STRICT_OBJC_MSGSEND = YES;
				GCC_C_LANGUAGE_STANDARD = gnu99;
				GCC_WARN_64_TO_32_BIT_CONVERSION = YES;
				GCC_WARN_ABOUT_RETURN_TYPE = YES_ERROR;
				GCC_WARN_UNDECLARED_SELECTOR = YES;
				GCC_WARN_UNINITIALIZED_AUTOS = YES_AGGRESSIVE;
				GCC_WARN_UNUSED_FUNCTION = YES;
				GCC_WARN_UNUSED_VARIABLE = YES;
				IPHONEOS_DEPLOYMENT_TARGET = 8.2;
				MTL_ENABLE_DEBUG_INFO = NO;
				SDKROOT = iphoneos;
				VALIDATE_PRODUCT = YES;
			};
			name = Release;
		};
		7D3E4F141AE9044300F8B91D /* Debug */ = {
			isa = XCBuildConfiguration;
			buildSettings = {
				ASSETCATALOG_COMPILER_APPICON_NAME = AppIcon;
				FRAMEWORK_SEARCH_PATHS = (
					"$(inherited)",
					"$(DEVELOPER_FRAMEWORKS_DIR)",
				);
				INFOPLIST_FILE = "$(SRCROOT)/Resources/Info.plist";
				IPHONEOS_DEPLOYMENT_TARGET = 7.0;
				LD_RUNPATH_SEARCH_PATHS = "$(inherited) @executable_path/Frameworks";
				PRODUCT_NAME = "$(TARGET_NAME)";
			};
			name = Debug;
		};
		7D3E4F151AE9044300F8B91D /* Release */ = {
			isa = XCBuildConfiguration;
			buildSettings = {
				ASSETCATALOG_COMPILER_APPICON_NAME = AppIcon;
				FRAMEWORK_SEARCH_PATHS = (
					"$(inherited)",
					"$(DEVELOPER_FRAMEWORKS_DIR)",
				);
				INFOPLIST_FILE = "$(SRCROOT)/Resources/Info.plist";
				IPHONEOS_DEPLOYMENT_TARGET = 7.0;
				LD_RUNPATH_SEARCH_PATHS = "$(inherited) @executable_path/Frameworks";
				PRODUCT_NAME = "$(TARGET_NAME)";
			};
			name = Release;
		};
		7D3E4F171AE9044300F8B91D /* Debug */ = {
			isa = XCBuildConfiguration;
			buildSettings = {
				BUNDLE_LOADER = "$(TEST_HOST)";
				FRAMEWORK_SEARCH_PATHS = (
					"$(SDKROOT)/Developer/Library/Frameworks",
					"$(inherited)",
				);
				GCC_PREPROCESSOR_DEFINITIONS = (
					"DEBUG=1",
					"$(inherited)",
				);
				INFOPLIST_FILE = Tests/Info.plist;
				LD_RUNPATH_SEARCH_PATHS = "$(inherited) @executable_path/Frameworks @loader_path/Frameworks";
				PRODUCT_NAME = "$(TARGET_NAME)";
				TEST_HOST = "$(BUILT_PRODUCTS_DIR)/FYCachedUrlAsset.app/FYCachedUrlAsset";
			};
			name = Debug;
		};
		7D3E4F181AE9044300F8B91D /* Release */ = {
			isa = XCBuildConfiguration;
			buildSettings = {
				BUNDLE_LOADER = "$(TEST_HOST)";
				FRAMEWORK_SEARCH_PATHS = (
					"$(SDKROOT)/Developer/Library/Frameworks",
					"$(inherited)",
				);
				INFOPLIST_FILE = Tests/Info.plist;
				LD_RUNPATH_SEARCH_PATHS = "$(inherited) @executable_path/Frameworks @loader_path/Frameworks";
				PRODUCT_NAME = "$(TARGET_NAME)";
				TEST_HOST = "$(BUILT_PRODUCTS_DIR)/FYCachedUrlAsset.app/FYCachedUrlAsset";
			};
			name = Release;
		};
/* End XCBuildConfiguration section */

/* Begin XCConfigurationList section */
		7D3E4EEB1AE9044300F8B91D /* Build configuration list for PBXProject "FYCachedUrlAsset" */ = {
			isa = XCConfigurationList;
			buildConfigurations = (
				7D3E4F111AE9044300F8B91D /* Debug */,
				7D3E4F121AE9044300F8B91D /* Release */,
			);
			defaultConfigurationIsVisible = 0;
			defaultConfigurationName = Release;
		};
		7D3E4F131AE9044300F8B91D /* Build configuration list for PBXNativeTarget "FYCachedUrlAsset" */ = {
			isa = XCConfigurationList;
			buildConfigurations = (
				7D3E4F141AE9044300F8B91D /* Debug */,
				7D3E4F151AE9044300F8B91D /* Release */,
			);
			defaultConfigurationIsVisible = 0;
			defaultConfigurationName = Release;
		};
		7D3E4F161AE9044300F8B91D /* Build configuration list for PBXNativeTarget "FYCachedUrlAssetTests" */ = {
			isa = XCConfigurationList;
			buildConfigurations = (
				7D3E4F171AE9044300F8B91D /* Debug */,
				7D3E4F181AE9044300F8B91D /* Release */,
			);
			defaultConfigurationIsVisible = 0;
			defaultConfigurationName = Release;
		};
/* End XCConfigurationList section */
	};
	rootObject = 7D3E4EE81AE9044300F8B91D /* Project object */;
}
